// !$*UTF8*$!
{
	archiveVersion = 1;
	classes = {
	};
	objectVersion = 46;
	objects = {

/* Begin PBXBuildFile section */
		E552F6341EB082F2006C649B /* AppDelegate.swift in Sources */ = {isa = PBXBuildFile; fileRef = E552F6331EB082F2006C649B /* AppDelegate.swift */; };
		E552F6361EB082F2006C649B /* ViewController.swift in Sources */ = {isa = PBXBuildFile; fileRef = E552F6351EB082F2006C649B /* ViewController.swift */; };
		E552F6391EB082F2006C649B /* Main.storyboard in Resources */ = {isa = PBXBuildFile; fileRef = E552F6371EB082F2006C649B /* Main.storyboard */; };
		E552F63B1EB082F2006C649B /* Assets.xcassets in Resources */ = {isa = PBXBuildFile; fileRef = E552F63A1EB082F2006C649B /* Assets.xcassets */; };
		E552F63E1EB082F2006C649B /* LaunchScreen.storyboard in Resources */ = {isa = PBXBuildFile; fileRef = E552F63C1EB082F2006C649B /* LaunchScreen.storyboard */; };
		E552F6491EB082F2006C649B /* TruxNearMeTests.swift in Sources */ = {isa = PBXBuildFile; fileRef = E552F6481EB082F2006C649B /* TruxNearMeTests.swift */; };
		E552F6541EB082F2006C649B /* TruxNearMeUITests.swift in Sources */ = {isa = PBXBuildFile; fileRef = E552F6531EB082F2006C649B /* TruxNearMeUITests.swift */; };
/* End PBXBuildFile section */

/* Begin PBXContainerItemProxy section */
		E552F6451EB082F2006C649B /* PBXContainerItemProxy */ = {
			isa = PBXContainerItemProxy;
			containerPortal = E552F6281EB082F2006C649B /* Project object */;
			proxyType = 1;
			remoteGlobalIDString = E552F62F1EB082F2006C649B;
			remoteInfo = TruxNearMe;
		};
		E552F6501EB082F2006C649B /* PBXContainerItemProxy */ = {
			isa = PBXContainerItemProxy;
			containerPortal = E552F6281EB082F2006C649B /* Project object */;
			proxyType = 1;
			remoteGlobalIDString = E552F62F1EB082F2006C649B;
			remoteInfo = TruxNearMe;
		};
/* End PBXContainerItemProxy section */

/* Begin PBXFileReference section */
		E552F6301EB082F2006C649B /* TruxNearMe.app */ = {isa = PBXFileReference; explicitFileType = wrapper.application; includeInIndex = 0; path = TruxNearMe.app; sourceTree = BUILT_PRODUCTS_DIR; };
		E552F6331EB082F2006C649B /* AppDelegate.swift */ = {isa = PBXFileReference; lastKnownFileType = sourcecode.swift; path = AppDelegate.swift; sourceTree = "<group>"; };
		E552F6351EB082F2006C649B /* ViewController.swift */ = {isa = PBXFileReference; lastKnownFileType = sourcecode.swift; path = ViewController.swift; sourceTree = "<group>"; };
		E552F6381EB082F2006C649B /* Base */ = {isa = PBXFileReference; lastKnownFileType = file.storyboard; name = Base; path = Base.lproj/Main.storyboard; sourceTree = "<group>"; };
		E552F63A1EB082F2006C649B /* Assets.xcassets */ = {isa = PBXFileReference; lastKnownFileType = folder.assetcatalog; path = Assets.xcassets; sourceTree = "<group>"; };
		E552F63D1EB082F2006C649B /* Base */ = {isa = PBXFileReference; lastKnownFileType = file.storyboard; name = Base; path = Base.lproj/LaunchScreen.storyboard; sourceTree = "<group>"; };
		E552F63F1EB082F2006C649B /* Info.plist */ = {isa = PBXFileReference; lastKnownFileType = text.plist.xml; path = Info.plist; sourceTree = "<group>"; };
		E552F6441EB082F2006C649B /* TruxNearMeTests.xctest */ = {isa = PBXFileReference; explicitFileType = wrapper.cfbundle; includeInIndex = 0; path = TruxNearMeTests.xctest; sourceTree = BUILT_PRODUCTS_DIR; };
		E552F6481EB082F2006C649B /* TruxNearMeTests.swift */ = {isa = PBXFileReference; lastKnownFileType = sourcecode.swift; path = TruxNearMeTests.swift; sourceTree = "<group>"; };
		E552F64A1EB082F2006C649B /* Info.plist */ = {isa = PBXFileReference; lastKnownFileType = text.plist.xml; path = Info.plist; sourceTree = "<group>"; };
		E552F64F1EB082F2006C649B /* TruxNearMeUITests.xctest */ = {isa = PBXFileReference; explicitFileType = wrapper.cfbundle; includeInIndex = 0; path = TruxNearMeUITests.xctest; sourceTree = BUILT_PRODUCTS_DIR; };
		E552F6531EB082F2006C649B /* TruxNearMeUITests.swift */ = {isa = PBXFileReference; lastKnownFileType = sourcecode.swift; path = TruxNearMeUITests.swift; sourceTree = "<group>"; };
		E552F6551EB082F2006C649B /* Info.plist */ = {isa = PBXFileReference; lastKnownFileType = text.plist.xml; path = Info.plist; sourceTree = "<group>"; };
/* End PBXFileReference section */

/* Begin PBXFrameworksBuildPhase section */
		E552F62D1EB082F2006C649B /* Frameworks */ = {
			isa = PBXFrameworksBuildPhase;
			buildActionMask = 2147483647;
			files = (
			);
			runOnlyForDeploymentPostprocessing = 0;
		};
		E552F6411EB082F2006C649B /* Frameworks */ = {
			isa = PBXFrameworksBuildPhase;
			buildActionMask = 2147483647;
			files = (
			);
			runOnlyForDeploymentPostprocessing = 0;
		};
		E552F64C1EB082F2006C649B /* Frameworks */ = {
			isa = PBXFrameworksBuildPhase;
			buildActionMask = 2147483647;
			files = (
			);
			runOnlyForDeploymentPostprocessing = 0;
		};
/* End PBXFrameworksBuildPhase section */

/* Begin PBXGroup section */
		E552F6271EB082F2006C649B = {
			isa = PBXGroup;
			children = (
				E552F6321EB082F2006C649B /* TruxNearMe */,
				E552F6471EB082F2006C649B /* TruxNearMeTests */,
				E552F6521EB082F2006C649B /* TruxNearMeUITests */,
				E552F6311EB082F2006C649B /* Products */,
			);
			sourceTree = "<group>";
		};
		E552F6311EB082F2006C649B /* Products */ = {
			isa = PBXGroup;
			children = (
				E552F6301EB082F2006C649B /* TruxNearMe.app */,
				E552F6441EB082F2006C649B /* TruxNearMeTests.xctest */,
				E552F64F1EB082F2006C649B /* TruxNearMeUITests.xctest */,
			);
			name = Products;
			sourceTree = "<group>";
		};
		E552F6321EB082F2006C649B /* TruxNearMe */ = {
			isa = PBXGroup;
			children = (
				E552F6331EB082F2006C649B /* AppDelegate.swift */,
				E552F6351EB082F2006C649B /* ViewController.swift */,
				E552F6371EB082F2006C649B /* Main.storyboard */,
				E552F63A1EB082F2006C649B /* Assets.xcassets */,
				E552F63C1EB082F2006C649B /* LaunchScreen.storyboard */,
				E552F63F1EB082F2006C649B /* Info.plist */,
			);
			path = TruxNearMe;
			sourceTree = "<group>";
		};
		E552F6471EB082F2006C649B /* TruxNearMeTests */ = {
			isa = PBXGroup;
			children = (
				E552F6481EB082F2006C649B /* TruxNearMeTests.swift */,
				E552F64A1EB082F2006C649B /* Info.plist */,
			);
			path = TruxNearMeTests;
			sourceTree = "<group>";
		};
		E552F6521EB082F2006C649B /* TruxNearMeUITests */ = {
			isa = PBXGroup;
			children = (
				E552F6531EB082F2006C649B /* TruxNearMeUITests.swift */,
				E552F6551EB082F2006C649B /* Info.plist */,
			);
			path = TruxNearMeUITests;
			sourceTree = "<group>";
		};
/* End PBXGroup section */

/* Begin PBXNativeTarget section */
		E552F62F1EB082F2006C649B /* TruxNearMe */ = {
			isa = PBXNativeTarget;
			buildConfigurationList = E552F6581EB082F2006C649B /* Build configuration list for PBXNativeTarget "TruxNearMe" */;
			buildPhases = (
				E552F62C1EB082F2006C649B /* Sources */,
				E552F62D1EB082F2006C649B /* Frameworks */,
				E552F62E1EB082F2006C649B /* Resources */,
			);
			buildRules = (
			);
			dependencies = (
			);
			name = TruxNearMe;
			productName = TruxNearMe;
			productReference = E552F6301EB082F2006C649B /* TruxNearMe.app */;
			productType = "com.apple.product-type.application";
		};
		E552F6431EB082F2006C649B /* TruxNearMeTests */ = {
			isa = PBXNativeTarget;
			buildConfigurationList = E552F65B1EB082F2006C649B /* Build configuration list for PBXNativeTarget "TruxNearMeTests" */;
			buildPhases = (
				E552F6401EB082F2006C649B /* Sources */,
				E552F6411EB082F2006C649B /* Frameworks */,
				E552F6421EB082F2006C649B /* Resources */,
			);
			buildRules = (
			);
			dependencies = (
				E552F6461EB082F2006C649B /* PBXTargetDependency */,
			);
			name = TruxNearMeTests;
			productName = TruxNearMeTests;
			productReference = E552F6441EB082F2006C649B /* TruxNearMeTests.xctest */;
			productType = "com.apple.product-type.bundle.unit-test";
		};
		E552F64E1EB082F2006C649B /* TruxNearMeUITests */ = {
			isa = PBXNativeTarget;
			buildConfigurationList = E552F65E1EB082F2006C649B /* Build configuration list for PBXNativeTarget "TruxNearMeUITests" */;
			buildPhases = (
				E552F64B1EB082F2006C649B /* Sources */,
				E552F64C1EB082F2006C649B /* Frameworks */,
				E552F64D1EB082F2006C649B /* Resources */,
			);
			buildRules = (
			);
			dependencies = (
				E552F6511EB082F2006C649B /* PBXTargetDependency */,
			);
			name = TruxNearMeUITests;
			productName = TruxNearMeUITests;
			productReference = E552F64F1EB082F2006C649B /* TruxNearMeUITests.xctest */;
			productType = "com.apple.product-type.bundle.ui-testing";
		};
/* End PBXNativeTarget section */

/* Begin PBXProject section */
		E552F6281EB082F2006C649B /* Project object */ = {
			isa = PBXProject;
			attributes = {
				LastSwiftUpdateCheck = 0820;
				LastUpgradeCheck = 0820;
				ORGANIZATIONNAME = "Mark Corrado";
				TargetAttributes = {
					E552F62F1EB082F2006C649B = {
						CreatedOnToolsVersion = 8.2.1;
						ProvisioningStyle = Automatic;
					};
					E552F6431EB082F2006C649B = {
						CreatedOnToolsVersion = 8.2.1;
						ProvisioningStyle = Automatic;
						TestTargetID = E552F62F1EB082F2006C649B;
					};
					E552F64E1EB082F2006C649B = {
						CreatedOnToolsVersion = 8.2.1;
						ProvisioningStyle = Automatic;
						TestTargetID = E552F62F1EB082F2006C649B;
					};
				};
			};
			buildConfigurationList = E552F62B1EB082F2006C649B /* Build configuration list for PBXProject "TruxNearMe" */;
			compatibilityVersion = "Xcode 3.2";
			developmentRegion = English;
			hasScannedForEncodings = 0;
			knownRegions = (
				en,
				Base,
			);
			mainGroup = E552F6271EB082F2006C649B;
			productRefGroup = E552F6311EB082F2006C649B /* Products */;
			projectDirPath = "";
			projectRoot = "";
			targets = (
				E552F62F1EB082F2006C649B /* TruxNearMe */,
				E552F6431EB082F2006C649B /* TruxNearMeTests */,
				E552F64E1EB082F2006C649B /* TruxNearMeUITests */,
			);
		};
/* End PBXProject section */

/* Begin PBXResourcesBuildPhase section */
		E552F62E1EB082F2006C649B /* Resources */ = {
			isa = PBXResourcesBuildPhase;
			buildActionMask = 2147483647;
			files = (
				E552F63E1EB082F2006C649B /* LaunchScreen.storyboard in Resources */,
				E552F63B1EB082F2006C649B /* Assets.xcassets in Resources */,
				E552F6391EB082F2006C649B /* Main.storyboard in Resources */,
			);
			runOnlyForDeploymentPostprocessing = 0;
		};
		E552F6421EB082F2006C649B /* Resources */ = {
			isa = PBXResourcesBuildPhase;
			buildActionMask = 2147483647;
			files = (
			);
			runOnlyForDeploymentPostprocessing = 0;
		};
		E552F64D1EB082F2006C649B /* Resources */ = {
			isa = PBXResourcesBuildPhase;
			buildActionMask = 2147483647;
			files = (
			);
			runOnlyForDeploymentPostprocessing = 0;
		};
/* End PBXResourcesBuildPhase section */

/* Begin PBXSourcesBuildPhase section */
		E552F62C1EB082F2006C649B /* Sources */ = {
			isa = PBXSourcesBuildPhase;
			buildActionMask = 2147483647;
			files = (
				E552F6361EB082F2006C649B /* ViewController.swift in Sources */,
				E552F6341EB082F2006C649B /* AppDelegate.swift in Sources */,
			);
			runOnlyForDeploymentPostprocessing = 0;
		};
		E552F6401EB082F2006C649B /* Sources */ = {
			isa = PBXSourcesBuildPhase;
			buildActionMask = 2147483647;
			files = (
				E552F6491EB082F2006C649B /* TruxNearMeTests.swift in Sources */,
			);
			runOnlyForDeploymentPostprocessing = 0;
		};
		E552F64B1EB082F2006C649B /* Sources */ = {
			isa = PBXSourcesBuildPhase;
			buildActionMask = 2147483647;
			files = (
				E552F6541EB082F2006C649B /* TruxNearMeUITests.swift in Sources */,
			);
			runOnlyForDeploymentPostprocessing = 0;
		};
/* End PBXSourcesBuildPhase section */

/* Begin PBXTargetDependency section */
		E552F6461EB082F2006C649B /* PBXTargetDependency */ = {
			isa = PBXTargetDependency;
			target = E552F62F1EB082F2006C649B /* TruxNearMe */;
			targetProxy = E552F6451EB082F2006C649B /* PBXContainerItemProxy */;
		};
		E552F6511EB082F2006C649B /* PBXTargetDependency */ = {
			isa = PBXTargetDependency;
			target = E552F62F1EB082F2006C649B /* TruxNearMe */;
			targetProxy = E552F6501EB082F2006C649B /* PBXContainerItemProxy */;
		};
/* End PBXTargetDependency section */

/* Begin PBXVariantGroup section */
		E552F6371EB082F2006C649B /* Main.storyboard */ = {
			isa = PBXVariantGroup;
			children = (
				E552F6381EB082F2006C649B /* Base */,
			);
			name = Main.storyboard;
			sourceTree = "<group>";
		};
		E552F63C1EB082F2006C649B /* LaunchScreen.storyboard */ = {
			isa = PBXVariantGroup;
			children = (
				E552F63D1EB082F2006C649B /* Base */,
			);
			name = LaunchScreen.storyboard;
			sourceTree = "<group>";
		};
/* End PBXVariantGroup section */

/* Begin XCBuildConfiguration section */
		E552F6561EB082F2006C649B /* Debug */ = {
			isa = XCBuildConfiguration;
			buildSettings = {
				ALWAYS_SEARCH_USER_PATHS = NO;
				CLANG_ANALYZER_NONNULL = YES;
				CLANG_CXX_LANGUAGE_STANDARD = "gnu++0x";
				CLANG_CXX_LIBRARY = "libc++";
				CLANG_ENABLE_MODULES = YES;
				CLANG_ENABLE_OBJC_ARC = YES;
				CLANG_WARN_BOOL_CONVERSION = YES;
				CLANG_WARN_CONSTANT_CONVERSION = YES;
				CLANG_WARN_DIRECT_OBJC_ISA_USAGE = YES_ERROR;
				CLANG_WARN_DOCUMENTATION_COMMENTS = YES;
				CLANG_WARN_EMPTY_BODY = YES;
				CLANG_WARN_ENUM_CONVERSION = YES;
				CLANG_WARN_INFINITE_RECURSION = YES;
				CLANG_WARN_INT_CONVERSION = YES;
				CLANG_WARN_OBJC_ROOT_CLASS = YES_ERROR;
				CLANG_WARN_SUSPICIOUS_MOVE = YES;
				CLANG_WARN_UNREACHABLE_CODE = YES;
				CLANG_WARN__DUPLICATE_METHOD_MATCH = YES;
				"CODE_SIGN_IDENTITY[sdk=iphoneos*]" = "iPhone Developer";
				COPY_PHASE_STRIP = NO;
				DEBUG_INFORMATION_FORMAT = dwarf;
				ENABLE_STRICT_OBJC_MSGSEND = YES;
				ENABLE_TESTABILITY = YES;
				GCC_C_LANGUAGE_STANDARD = gnu99;
				GCC_DYNAMIC_NO_PIC = NO;
				GCC_NO_COMMON_BLOCKS = YES;
				GCC_OPTIMIZATION_LEVEL = 0;
				GCC_PREPROCESSOR_DEFINITIONS = (
					"DEBUG=1",
					"$(inherited)",
				);
				GCC_WARN_64_TO_32_BIT_CONVERSION = YES;
				GCC_WARN_ABOUT_RETURN_TYPE = YES_ERROR;
				GCC_WARN_UNDECLARED_SELECTOR = YES;
				GCC_WARN_UNINITIALIZED_AUTOS = YES_AGGRESSIVE;
				GCC_WARN_UNUSED_FUNCTION = YES;
				GCC_WARN_UNUSED_VARIABLE = YES;
				IPHONEOS_DEPLOYMENT_TARGET = 10.2;
				MTL_ENABLE_DEBUG_INFO = YES;
				ONLY_ACTIVE_ARCH = YES;
				SDKROOT = iphoneos;
				SWIFT_ACTIVE_COMPILATION_CONDITIONS = DEBUG;
				SWIFT_OPTIMIZATION_LEVEL = "-Onone";
				TARGETED_DEVICE_FAMILY = "1,2";
			};
			name = Debug;
		};
		E552F6571EB082F2006C649B /* Release */ = {
			isa = XCBuildConfiguration;
			buildSettings = {
				ALWAYS_SEARCH_USER_PATHS = NO;
				CLANG_ANALYZER_NONNULL = YES;
				CLANG_CXX_LANGUAGE_STANDARD = "gnu++0x";
				CLANG_CXX_LIBRARY = "libc++";
				CLANG_ENABLE_MODULES = YES;
				CLANG_ENABLE_OBJC_ARC = YES;
				CLANG_WARN_BOOL_CONVERSION = YES;
				CLANG_WARN_CONSTANT_CONVERSION = YES;
				CLANG_WARN_DIRECT_OBJC_ISA_USAGE = YES_ERROR;
				CLANG_WARN_DOCUMENTATION_COMMENTS = YES;
				CLANG_WARN_EMPTY_BODY = YES;
				CLANG_WARN_ENUM_CONVERSION = YES;
				CLANG_WARN_INFINITE_RECURSION = YES;
				CLANG_WARN_INT_CONVERSION = YES;
				CLANG_WARN_OBJC_ROOT_CLASS = YES_ERROR;
				CLANG_WARN_SUSPICIOUS_MOVE = YES;
				CLANG_WARN_UNREACHABLE_CODE = YES;
				CLANG_WARN__DUPLICATE_METHOD_MATCH = YES;
				"CODE_SIGN_IDENTITY[sdk=iphoneos*]" = "iPhone Developer";
				COPY_PHASE_STRIP = NO;
				DEBUG_INFORMATION_FORMAT = "dwarf-with-dsym";
				ENABLE_NS_ASSERTIONS = NO;
				ENABLE_STRICT_OBJC_MSGSEND = YES;
				GCC_C_LANGUAGE_STANDARD = gnu99;
				GCC_NO_COMMON_BLOCKS = YES;
				GCC_WARN_64_TO_32_BIT_CONVERSION = YES;
				GCC_WARN_ABOUT_RETURN_TYPE = YES_ERROR;
				GCC_WARN_UNDECLARED_SELECTOR = YES;
				GCC_WARN_UNINITIALIZED_AUTOS = YES_AGGRESSIVE;
				GCC_WARN_UNUSED_FUNCTION = YES;
				GCC_WARN_UNUSED_VARIABLE = YES;
				IPHONEOS_DEPLOYMENT_TARGET = 10.2;
				MTL_ENABLE_DEBUG_INFO = NO;
				SDKROOT = iphoneos;
				SWIFT_OPTIMIZATION_LEVEL = "-Owholemodule";
				TARGETED_DEVICE_FAMILY = "1,2";
				VALIDATE_PRODUCT = YES;
			};
			name = Release;
		};
		E552F6591EB082F2006C649B /* Debug */ = {
			isa = XCBuildConfiguration;
			buildSettings = {
				ASSETCATALOG_COMPILER_APPICON_NAME = AppIcon;
				INFOPLIST_FILE = TruxNearMe/Info.plist;
				LD_RUNPATH_SEARCH_PATHS = "$(inherited) @executable_path/Frameworks";
				PRODUCT_BUNDLE_IDENTIFIER = corrado.TruxNearMe;
				PRODUCT_NAME = "$(TARGET_NAME)";
				SWIFT_VERSION = 3.0;
			};
			name = Debug;
		};
		E552F65A1EB082F2006C649B /* Release */ = {
			isa = XCBuildConfiguration;
			buildSettings = {
				ASSETCATALOG_COMPILER_APPICON_NAME = AppIcon;
				INFOPLIST_FILE = TruxNearMe/Info.plist;
				LD_RUNPATH_SEARCH_PATHS = "$(inherited) @executable_path/Frameworks";
				PRODUCT_BUNDLE_IDENTIFIER = corrado.TruxNearMe;
				PRODUCT_NAME = "$(TARGET_NAME)";
				SWIFT_VERSION = 3.0;
			};
			name = Release;
		};
		E552F65C1EB082F2006C649B /* Debug */ = {
			isa = XCBuildConfiguration;
			buildSettings = {
				ALWAYS_EMBED_SWIFT_STANDARD_LIBRARIES = YES;
				BUNDLE_LOADER = "$(TEST_HOST)";
				INFOPLIST_FILE = TruxNearMeTests/Info.plist;
				LD_RUNPATH_SEARCH_PATHS = "$(inherited) @executable_path/Frameworks @loader_path/Frameworks";
				PRODUCT_BUNDLE_IDENTIFIER = corrado.TruxNearMeTests;
				PRODUCT_NAME = "$(TARGET_NAME)";
				SWIFT_VERSION = 3.0;
				TEST_HOST = "$(BUILT_PRODUCTS_DIR)/TruxNearMe.app/TruxNearMe";
			};
			name = Debug;
		};
		E552F65D1EB082F2006C649B /* Release */ = {
			isa = XCBuildConfiguration;
			buildSettings = {
				ALWAYS_EMBED_SWIFT_STANDARD_LIBRARIES = YES;
				BUNDLE_LOADER = "$(TEST_HOST)";
				INFOPLIST_FILE = TruxNearMeTests/Info.plist;
				LD_RUNPATH_SEARCH_PATHS = "$(inherited) @executable_path/Frameworks @loader_path/Frameworks";
				PRODUCT_BUNDLE_IDENTIFIER = corrado.TruxNearMeTests;
				PRODUCT_NAME = "$(TARGET_NAME)";
				SWIFT_VERSION = 3.0;
				TEST_HOST = "$(BUILT_PRODUCTS_DIR)/TruxNearMe.app/TruxNearMe";
			};
			name = Release;
		};
		E552F65F1EB082F2006C649B /* Debug */ = {
			isa = XCBuildConfiguration;
			buildSettings = {
				ALWAYS_EMBED_SWIFT_STANDARD_LIBRARIES = YES;
				INFOPLIST_FILE = TruxNearMeUITests/Info.plist;
				LD_RUNPATH_SEARCH_PATHS = "$(inherited) @executable_path/Frameworks @loader_path/Frameworks";
				PRODUCT_BUNDLE_IDENTIFIER = corrado.TruxNearMeUITests;
				PRODUCT_NAME = "$(TARGET_NAME)";
				SWIFT_VERSION = 3.0;
				TEST_TARGET_NAME = TruxNearMe;
			};
			name = Debug;
		};
		E552F6601EB082F2006C649B /* Release */ = {
			isa = XCBuildConfiguration;
			buildSettings = {
				ALWAYS_EMBED_SWIFT_STANDARD_LIBRARIES = YES;
				INFOPLIST_FILE = TruxNearMeUITests/Info.plist;
				LD_RUNPATH_SEARCH_PATHS = "$(inherited) @executable_path/Frameworks @loader_path/Frameworks";
				PRODUCT_BUNDLE_IDENTIFIER = corrado.TruxNearMeUITests;
				PRODUCT_NAME = "$(TARGET_NAME)";
				SWIFT_VERSION = 3.0;
				TEST_TARGET_NAME = TruxNearMe;
			};
			name = Release;
		};
/* End XCBuildConfiguration section */

/* Begin XCConfigurationList section */
		E552F62B1EB082F2006C649B /* Build configuration list for PBXProject "TruxNearMe" */ = {
			isa = XCConfigurationList;
			buildConfigurations = (
				E552F6561EB082F2006C649B /* Debug */,
				E552F6571EB082F2006C649B /* Release */,
			);
			defaultConfigurationIsVisible = 0;
			defaultConfigurationName = Release;
		};
		E552F6581EB082F2006C649B /* Build configuration list for PBXNativeTarget "TruxNearMe" */ = {
			isa = XCConfigurationList;
			buildConfigurations = (
				E552F6591EB082F2006C649B /* Debug */,
				E552F65A1EB082F2006C649B /* Release */,
			);
			defaultConfigurationIsVisible = 0;
		};
		E552F65B1EB082F2006C649B /* Build configuration list for PBXNativeTarget "TruxNearMeTests" */ = {
			isa = XCConfigurationList;
			buildConfigurations = (
				E552F65C1EB082F2006C649B /* Debug */,
				E552F65D1EB082F2006C649B /* Release */,
			);
			defaultConfigurationIsVisible = 0;
		};
		E552F65E1EB082F2006C649B /* Build configuration list for PBXNativeTarget "TruxNearMeUITests" */ = {
			isa = XCConfigurationList;
			buildConfigurations = (
				E552F65F1EB082F2006C649B /* Debug */,
				E552F6601EB082F2006C649B /* Release */,
			);
			defaultConfigurationIsVisible = 0;
		};
/* End XCConfigurationList section */
	};
	rootObject = E552F6281EB082F2006C649B /* Project object */;
}
